
Microsoft Visual Studio Solution File, Format Version 12.00
Project("{FAE04EC0-301F-11D3-BF4B-00C04F79EFBC}") = "Lab4_Pr", "Lab4_Pr\Lab4_Pr.csproj", "{B0E38107-AB3D-4796-B582-BBA57812A60B}"
EndProject
Project("{FAE04EC0-301F-11D3-BF4B-00C04F79EFBC}") = "Lab4_2", "Lab4_2\Lab4_2.csproj", "{36BA775B-3E35-4CD3-8596-703016BA5FDE}"
EndProject
Project("{FAE04EC0-301F-11D3-BF4B-00C04F79EFBC}") = "Lab4_3", "Lab4_3\Lab4_3.csproj", "{03B55121-8B9E-4919-AD38-96F9DD7BED8F}"
EndProject
Global
	GlobalSection(SolutionConfigurationPlatforms) = preSolution
		Debug|Any CPU = Debug|Any CPU
		Release|Any CPU = Release|Any CPU
	EndGlobalSection
	GlobalSection(ProjectConfigurationPlatforms) = postSolution
		{B0E38107-AB3D-4796-B582-BBA57812A60B}.Debug|Any CPU.ActiveCfg = Debug|Any CPU
		{B0E38107-AB3D-4796-B582-BBA57812A60B}.Debug|Any CPU.Build.0 = Debug|Any CPU
		{B0E38107-AB3D-4796-B582-BBA57812A60B}.Release|Any CPU.ActiveCfg = Release|Any CPU
		{B0E38107-AB3D-4796-B582-BBA57812A60B}.Release|Any CPU.Build.0 = Release|Any CPU
		{36BA775B-3E35-4CD3-8596-703016BA5FDE}.Debug|Any CPU.ActiveCfg = Debug|Any CPU
		{36BA775B-3E35-4CD3-8596-703016BA5FDE}.Debug|Any CPU.Build.0 = Debug|Any CPU
		{36BA775B-3E35-4CD3-8596-703016BA5FDE}.Release|Any CPU.ActiveCfg = Release|Any CPU
		{36BA775B-3E35-4CD3-8596-703016BA5FDE}.Release|Any CPU.Build.0 = Release|Any CPU
		{03B55121-8B9E-4919-AD38-96F9DD7BED8F}.Debug|Any CPU.ActiveCfg = Debug|Any CPU
		{03B55121-8B9E-4919-AD38-96F9DD7BED8F}.Debug|Any CPU.Build.0 = Debug|Any CPU
		{03B55121-8B9E-4919-AD38-96F9DD7BED8F}.Release|Any CPU.ActiveCfg = Release|Any CPU
		{03B55121-8B9E-4919-AD38-96F9DD7BED8F}.Release|Any CPU.Build.0 = Release|Any CPU
	EndGlobalSection
EndGlobal
